
Microsoft Visual Studio Solution File, Format Version 12.00
# Visual Studio Version 16
VisualStudioVersion = 16.0.30114.105
MinimumVisualStudioVersion = 10.0.40219.1
Project("{FAE04EC0-301F-11D3-BF4B-00C04F79EFBC}") = "LonLatLibrary", "LonLatLibrary\LonLatLibrary.csproj", "{7F34E91D-3321-4FE3-8C27-0919465D2C8D}"
EndProject
Project("{FAE04EC0-301F-11D3-BF4B-00C04F79EFBC}") = "AppRun", "AppRun\AppRun.csproj", "{34E4F4C0-97EB-479C-AAE9-21E3EB7C52FD}"
EndProject
Global
	GlobalSection(SolutionConfigurationPlatforms) = preSolution
		Debug|Any CPU = Debug|Any CPU
		Debug|x64 = Debug|x64
		Debug|x86 = Debug|x86
		Release|Any CPU = Release|Any CPU
		Release|x64 = Release|x64
		Release|x86 = Release|x86
	EndGlobalSection
	GlobalSection(SolutionProperties) = preSolution
		HideSolutionNode = FALSE
	EndGlobalSection
	GlobalSection(ProjectConfigurationPlatforms) = postSolution
		{7F34E91D-3321-4FE3-8C27-0919465D2C8D}.Debug|Any CPU.ActiveCfg = Debug|Any CPU
		{7F34E91D-3321-4FE3-8C27-0919465D2C8D}.Debug|Any CPU.Build.0 = Debug|Any CPU
		{7F34E91D-3321-4FE3-8C27-0919465D2C8D}.Debug|x64.ActiveCfg = Debug|Any CPU
		{7F34E91D-3321-4FE3-8C27-0919465D2C8D}.Debug|x64.Build.0 = Debug|Any CPU
		{7F34E91D-3321-4FE3-8C27-0919465D2C8D}.Debug|x86.ActiveCfg = Debug|Any CPU
		{7F34E91D-3321-4FE3-8C27-0919465D2C8D}.Debug|x86.Build.0 = Debug|Any CPU
		{7F34E91D-3321-4FE3-8C27-0919465D2C8D}.Release|Any CPU.ActiveCfg = Release|Any CPU
		{7F34E91D-3321-4FE3-8C27-0919465D2C8D}.Release|Any CPU.Build.0 = Release|Any CPU
		{7F34E91D-3321-4FE3-8C27-0919465D2C8D}.Release|x64.ActiveCfg = Release|Any CPU
		{7F34E91D-3321-4FE3-8C27-0919465D2C8D}.Release|x64.Build.0 = Release|Any CPU
		{7F34E91D-3321-4FE3-8C27-0919465D2C8D}.Release|x86.ActiveCfg = Release|Any CPU
		{7F34E91D-3321-4FE3-8C27-0919465D2C8D}.Release|x86.Build.0 = Release|Any CPU
		{34E4F4C0-97EB-479C-AAE9-21E3EB7C52FD}.Debug|Any CPU.ActiveCfg = Debug|Any CPU
		{34E4F4C0-97EB-479C-AAE9-21E3EB7C52FD}.Debug|Any CPU.Build.0 = Debug|Any CPU
		{34E4F4C0-97EB-479C-AAE9-21E3EB7C52FD}.Debug|x64.ActiveCfg = Debug|Any CPU
		{34E4F4C0-97EB-479C-AAE9-21E3EB7C52FD}.Debug|x64.Build.0 = Debug|Any CPU
		{34E4F4C0-97EB-479C-AAE9-21E3EB7C52FD}.Debug|x86.ActiveCfg = Debug|Any CPU
		{34E4F4C0-97EB-479C-AAE9-21E3EB7C52FD}.Debug|x86.Build.0 = Debug|Any CPU
		{34E4F4C0-97EB-479C-AAE9-21E3EB7C52FD}.Release|Any CPU.ActiveCfg = Release|Any CPU
		{34E4F4C0-97EB-479C-AAE9-21E3EB7C52FD}.Release|Any CPU.Build.0 = Release|Any CPU
		{34E4F4C0-97EB-479C-AAE9-21E3EB7C52FD}.Release|x64.ActiveCfg = Release|Any CPU
		{34E4F4C0-97EB-479C-AAE9-21E3EB7C52FD}.Release|x64.Build.0 = Release|Any CPU
		{34E4F4C0-97EB-479C-AAE9-21E3EB7C52FD}.Release|x86.ActiveCfg = Release|Any CPU
		{34E4F4C0-97EB-479C-AAE9-21E3EB7C52FD}.Release|x86.Build.0 = Release|Any CPU
	EndGlobalSection
EndGlobal
